
Microsoft Visual Studio Solution File, Format Version 12.00
# Visual Studio Version 16
VisualStudioVersion = 16.0.29424.173
MinimumVisualStudioVersion = 10.0.40219.1
Project("{FAE04EC0-301F-11D3-BF4B-00C04F79EFBC}") = "RTS task 1", "RTS task 1\RTS task 1.csproj", "{3E911D9B-041E-4ECF-9A07-CF69FCC2DD6A}"
EndProject
Global
	GlobalSection(SolutionConfigurationPlatforms) = preSolution
		Debug|Any CPU = Debug|Any CPU
		Release|Any CPU = Release|Any CPU
	EndGlobalSection
	GlobalSection(ProjectConfigurationPlatforms) = postSolution
		{3E911D9B-041E-4ECF-9A07-CF69FCC2DD6A}.Debug|Any CPU.ActiveCfg = Debug|Any CPU
		{3E911D9B-041E-4ECF-9A07-CF69FCC2DD6A}.Debug|Any CPU.Build.0 = Debug|Any CPU
		{3E911D9B-041E-4ECF-9A07-CF69FCC2DD6A}.Release|Any CPU.ActiveCfg = Release|Any CPU
		{3E911D9B-041E-4ECF-9A07-CF69FCC2DD6A}.Release|Any CPU.Build.0 = Release|Any CPU
	EndGlobalSection
	GlobalSection(SolutionProperties) = preSolution
		HideSolutionNode = FALSE
	EndGlobalSection
	GlobalSection(ExtensibilityGlobals) = postSolution
		SolutionGuid = {FD7B60DD-9227-4963-893A-DFBE4A6BA021}
	EndGlobalSection
EndGlobal
